
Microsoft Visual Studio Solution File, Format Version 12.00
# Visual Studio Express 2012 for Windows Desktop
Project("{FAE04EC0-301F-11D3-BF4B-00C04F79EFBC}") = "Numero", "Numero\Numero.csproj", "{F31B3DC0-2C3A-49D2-971F-3330EA96CB39}"
EndProject
Project("{FAE04EC0-301F-11D3-BF4B-00C04F79EFBC}") = "Calculadora", "Calculadora\Calculadora.csproj", "{5F4400A1-FCC3-480D-B946-0DA3463BF28A}"
EndProject
Project("{FAE04EC0-301F-11D3-BF4B-00C04F79EFBC}") = "TP1.Pereyra.Enzo", "TP1.Pereyra.Enzo\TP1.Pereyra.Enzo.csproj", "{B7AD993F-00A7-414F-9F95-534A28EA79F0}"
EndProject
Global
	GlobalSection(SolutionConfigurationPlatforms) = preSolution
		Debug|Any CPU = Debug|Any CPU
		Release|Any CPU = Release|Any CPU
	EndGlobalSection
	GlobalSection(ProjectConfigurationPlatforms) = postSolution
		{F31B3DC0-2C3A-49D2-971F-3330EA96CB39}.Debug|Any CPU.ActiveCfg = Debug|Any CPU
		{F31B3DC0-2C3A-49D2-971F-3330EA96CB39}.Debug|Any CPU.Build.0 = Debug|Any CPU
		{F31B3DC0-2C3A-49D2-971F-3330EA96CB39}.Release|Any CPU.ActiveCfg = Release|Any CPU
		{F31B3DC0-2C3A-49D2-971F-3330EA96CB39}.Release|Any CPU.Build.0 = Release|Any CPU
		{5F4400A1-FCC3-480D-B946-0DA3463BF28A}.Debug|Any CPU.ActiveCfg = Debug|Any CPU
		{5F4400A1-FCC3-480D-B946-0DA3463BF28A}.Debug|Any CPU.Build.0 = Debug|Any CPU
		{5F4400A1-FCC3-480D-B946-0DA3463BF28A}.Release|Any CPU.ActiveCfg = Release|Any CPU
		{5F4400A1-FCC3-480D-B946-0DA3463BF28A}.Release|Any CPU.Build.0 = Release|Any CPU
		{B7AD993F-00A7-414F-9F95-534A28EA79F0}.Debug|Any CPU.ActiveCfg = Debug|Any CPU
		{B7AD993F-00A7-414F-9F95-534A28EA79F0}.Debug|Any CPU.Build.0 = Debug|Any CPU
		{B7AD993F-00A7-414F-9F95-534A28EA79F0}.Release|Any CPU.ActiveCfg = Release|Any CPU
		{B7AD993F-00A7-414F-9F95-534A28EA79F0}.Release|Any CPU.Build.0 = Release|Any CPU
	EndGlobalSection
	GlobalSection(SolutionProperties) = preSolution
		HideSolutionNode = FALSE
	EndGlobalSection
EndGlobal
