
Microsoft Visual Studio Solution File, Format Version 12.00
# Visual Studio Express 2012 for Windows Desktop
Project("{FAE04EC0-301F-11D3-BF4B-00C04F79EFBC}") = "Entidades", "Entidades\Entidades.csproj", "{23523A6E-9FE4-4E44-A186-113D057C3FBE}"
EndProject
Project("{FAE04EC0-301F-11D3-BF4B-00C04F79EFBC}") = "TP-02", "TP-02\TP-02.csproj", "{9551E025-A1ED-4CEC-8FDF-9B3E29E7E942}"
EndProject
Global
	GlobalSection(SolutionConfigurationPlatforms) = preSolution
		Debug|Any CPU = Debug|Any CPU
		Release|Any CPU = Release|Any CPU
	EndGlobalSection
	GlobalSection(ProjectConfigurationPlatforms) = postSolution
		{23523A6E-9FE4-4E44-A186-113D057C3FBE}.Debug|Any CPU.ActiveCfg = Debug|Any CPU
		{23523A6E-9FE4-4E44-A186-113D057C3FBE}.Debug|Any CPU.Build.0 = Debug|Any CPU
		{23523A6E-9FE4-4E44-A186-113D057C3FBE}.Release|Any CPU.ActiveCfg = Release|Any CPU
		{23523A6E-9FE4-4E44-A186-113D057C3FBE}.Release|Any CPU.Build.0 = Release|Any CPU
		{9551E025-A1ED-4CEC-8FDF-9B3E29E7E942}.Debug|Any CPU.ActiveCfg = Debug|Any CPU
		{9551E025-A1ED-4CEC-8FDF-9B3E29E7E942}.Debug|Any CPU.Build.0 = Debug|Any CPU
		{9551E025-A1ED-4CEC-8FDF-9B3E29E7E942}.Release|Any CPU.ActiveCfg = Release|Any CPU
		{9551E025-A1ED-4CEC-8FDF-9B3E29E7E942}.Release|Any CPU.Build.0 = Release|Any CPU
	EndGlobalSection
	GlobalSection(SolutionProperties) = preSolution
		HideSolutionNode = FALSE
	EndGlobalSection
EndGlobal
